
Microsoft Visual Studio Solution File, Format Version 12.00
# Visual Studio Version 16
VisualStudioVersion = 16.0.31624.102
MinimumVisualStudioVersion = 10.0.40219.1
Project("{8BC9CEB8-8B4A-11D0-8D11-00A0C91BC942}") = "텀프로젝트", "텀프로젝트\텀프로젝트.vcxproj", "{C7167947-644C-48E6-926F-B3E7E4E1A543}"
EndProject
Global
	GlobalSection(SolutionConfigurationPlatforms) = preSolution
		Debug|x64 = Debug|x64
		Debug|x86 = Debug|x86
		Release|x64 = Release|x64
		Release|x86 = Release|x86
	EndGlobalSection
	GlobalSection(ProjectConfigurationPlatforms) = postSolution
		{C7167947-644C-48E6-926F-B3E7E4E1A543}.Debug|x64.ActiveCfg = Debug|x64
		{C7167947-644C-48E6-926F-B3E7E4E1A543}.Debug|x64.Build.0 = Debug|x64
		{C7167947-644C-48E6-926F-B3E7E4E1A543}.Debug|x86.ActiveCfg = Debug|Win32
		{C7167947-644C-48E6-926F-B3E7E4E1A543}.Debug|x86.Build.0 = Debug|Win32
		{C7167947-644C-48E6-926F-B3E7E4E1A543}.Release|x64.ActiveCfg = Release|x64
		{C7167947-644C-48E6-926F-B3E7E4E1A543}.Release|x64.Build.0 = Release|x64
		{C7167947-644C-48E6-926F-B3E7E4E1A543}.Release|x86.ActiveCfg = Release|Win32
		{C7167947-644C-48E6-926F-B3E7E4E1A543}.Release|x86.Build.0 = Release|Win32
	EndGlobalSection
	GlobalSection(SolutionProperties) = preSolution
		HideSolutionNode = FALSE
	EndGlobalSection
	GlobalSection(ExtensibilityGlobals) = postSolution
		SolutionGuid = {249DECEB-FFC5-436A-96D6-88F77ADA5FD0}
	EndGlobalSection
EndGlobal
